
Microsoft Visual Studio Solution File, Format Version 12.00
# Visual Studio Version 17
VisualStudioVersion = 17.3.32922.545
MinimumVisualStudioVersion = 10.0.40219.1
Project("{FAE04EC0-301F-11D3-BF4B-00C04F79EFBC}") = "BMI_Calculator", "BMI_Calculator.csproj", "{889567B4-E0AD-44AA-BC37-A9625113355E}"
EndProject
Global
	GlobalSection(SolutionConfigurationPlatforms) = preSolution
		Debug|Any CPU = Debug|Any CPU
		Release|Any CPU = Release|Any CPU
	EndGlobalSection
	GlobalSection(ProjectConfigurationPlatforms) = postSolution
		{889567B4-E0AD-44AA-BC37-A9625113355E}.Debug|Any CPU.ActiveCfg = Debug|Any CPU
		{889567B4-E0AD-44AA-BC37-A9625113355E}.Debug|Any CPU.Build.0 = Debug|Any CPU
		{889567B4-E0AD-44AA-BC37-A9625113355E}.Release|Any CPU.ActiveCfg = Release|Any CPU
		{889567B4-E0AD-44AA-BC37-A9625113355E}.Release|Any CPU.Build.0 = Release|Any CPU
	EndGlobalSection
	GlobalSection(SolutionProperties) = preSolution
		HideSolutionNode = FALSE
	EndGlobalSection
	GlobalSection(ExtensibilityGlobals) = postSolution
		SolutionGuid = {D8D7BFD3-EED6-42B8-BCB0-48BEF91AF78B}
	EndGlobalSection
EndGlobal
